
Microsoft Visual Studio Solution File, Format Version 12.00
# Visual Studio Version 17
VisualStudioVersion = 17.5.002.0
MinimumVisualStudioVersion = 10.0.40219.1
Project("{9A19103F-16F7-4668-BE54-9A1E7A4F7556}") = "MyCourse", "MyCourse.csproj", "{82DEFD02-C93F-4462-91B2-8FF578861E0A}"
EndProject
Global
	GlobalSection(SolutionConfigurationPlatforms) = preSolution
		Debug|Any CPU = Debug|Any CPU
		Release|Any CPU = Release|Any CPU
	EndGlobalSection
	GlobalSection(ProjectConfigurationPlatforms) = postSolution
		{82DEFD02-C93F-4462-91B2-8FF578861E0A}.Debug|Any CPU.ActiveCfg = Debug|Any CPU
		{82DEFD02-C93F-4462-91B2-8FF578861E0A}.Debug|Any CPU.Build.0 = Debug|Any CPU
		{82DEFD02-C93F-4462-91B2-8FF578861E0A}.Release|Any CPU.ActiveCfg = Release|Any CPU
		{82DEFD02-C93F-4462-91B2-8FF578861E0A}.Release|Any CPU.Build.0 = Release|Any CPU
	EndGlobalSection
	GlobalSection(SolutionProperties) = preSolution
		HideSolutionNode = FALSE
	EndGlobalSection
	GlobalSection(ExtensibilityGlobals) = postSolution
		SolutionGuid = {60153FD0-1FBC-44F2-AD50-EB4FB1C21EEA}
	EndGlobalSection
EndGlobal
